version = 1

[[sources]]
name = "gestalt"
git = "https://github.com/srnnkls/gestalt.git"
resolved = "main"
commit = "092feb81cf53a56b7f70c72fc82001467d852722"
digest = "blake3:79969c2182b2279ce42d377c11e7de41ed17115543fa58772b3df862cb01e56d"
config_digest = "blake3:8532047ea4ebb82f678a2001e29adc3c9140b1956906cb46afcd16fc6c317c18"

[[sources]]
name = "limen"
git = "https://github.com/srnnkls/limen.git"
resolved = "main"
commit = "fa917d657b44101a9376f0a05e816b55a2221150"
digest = "blake3:def76e99f1696ae5dbc5fb1281ea1bc553860a7431192c712dfd4d539b2b9fde"
config_digest = "blake3:f0169ccff2f4033bb94d13d09900d73bd0628d808be2b4fafeba788e42bca8be"

[[sources]]
name = "loqui"
git = "https://github.com/srnnkls/loqui.git"
resolved = "main"
commit = "1560170e2ed42738d5d2dddcb226a14306f5f1ca"
digest = "blake3:3c26d048bd8870523182b3e0b52727b052ba8be13f38797b1e2a28bf78f043f7"
config_digest = "blake3:16f121cd383ffed9ef63f315e60d24798150c1729cdb965aedaa7970e2af031a"
